GIT
  remote: git://github.com/nesi/puppet-git.git
  ref: master
  sha: 9367f919f2674ecf67bfcc5008cca909fd76f56f
  specs:
    nesi/puppet-git (0.1.2)

GIT
  remote: git://github.com/puppetlabs/puppetlabs-vcsrepo.git
  ref: master
  sha: 46588aa62d444c5f0a538cccec357a80cd191b93
  specs:
    puppetlabs/puppetlabs-vcsrepo (0.2.0)

GIT
  remote: git://github.com/stankevich/puppet-python.git
  ref: master
  sha: 33e6b54cca73c7717b9965a083b9154dd7441b36
  specs:
    stankevich/python (1.7.4)

GIT
  remote: git@github.com:cevaris/puppet-postgresql.git
  ref: master
  sha: cd07ec0964d0b585c028bf249c10260fe55d5184
  specs:
    puppetlabs/postgresql (0.0.1)

DEPENDENCIES
  nesi/puppet-git (>= 0)
  puppetlabs/postgresql (>= 0)
  puppetlabs/puppetlabs-vcsrepo (>= 0)
  stankevich/python (>= 0)

